// !$*UTF8*$!
{
	archiveVersion = 1;
	classes = {
	};
	objectVersion = 50;
	objects = {

/* Begin PBXBuildFile section */
		AF48976B2492A4BC006A2CAD /* MemoryGame.swift in Sources */ = {isa = PBXBuildFile; fileRef = AF48976A2492A4BC006A2CAD /* MemoryGame.swift */; };
		AF48976D2492A55B006A2CAD /* EmojiMemoryGame.swift in Sources */ = {isa = PBXBuildFile; fileRef = AF48976C2492A55B006A2CAD /* EmojiMemoryGame.swift */; };
		AF48976F2492AF23006A2CAD /* Grid.swift in Sources */ = {isa = PBXBuildFile; fileRef = AF48976E2492AF23006A2CAD /* Grid.swift */; };
		AF4897712492B13E006A2CAD /* GridLayout.swift in Sources */ = {isa = PBXBuildFile; fileRef = AF4897702492B13E006A2CAD /* GridLayout.swift */; };
		AF4897732492B31A006A2CAD /* Array+Identifable.swift in Sources */ = {isa = PBXBuildFile; fileRef = AF4897722492B31A006A2CAD /* Array+Identifable.swift */; };
		AF4897752492B81B006A2CAD /* Array+Only.swift in Sources */ = {isa = PBXBuildFile; fileRef = AF4897742492B81B006A2CAD /* Array+Only.swift */; };
		AF4897772492E282006A2CAD /* Pie.swift in Sources */ = {isa = PBXBuildFile; fileRef = AF4897762492E282006A2CAD /* Pie.swift */; };
		AF4897792492E82C006A2CAD /* Cardify.swift in Sources */ = {isa = PBXBuildFile; fileRef = AF4897782492E82C006A2CAD /* Cardify.swift */; };
		AF8C2E182492A16600C5D261 /* AppDelegate.swift in Sources */ = {isa = PBXBuildFile; fileRef = AF8C2E172492A16600C5D261 /* AppDelegate.swift */; };
		AF8C2E1A2492A16600C5D261 /* SceneDelegate.swift in Sources */ = {isa = PBXBuildFile; fileRef = AF8C2E192492A16600C5D261 /* SceneDelegate.swift */; };
		AF8C2E1C2492A16600C5D261 /* EmojiMemoryGameView.swift in Sources */ = {isa = PBXBuildFile; fileRef = AF8C2E1B2492A16600C5D261 /* EmojiMemoryGameView.swift */; };
		AF8C2E1E2492A16B00C5D261 /* Assets.xcassets in Resources */ = {isa = PBXBuildFile; fileRef = AF8C2E1D2492A16B00C5D261 /* Assets.xcassets */; };
		AF8C2E212492A16B00C5D261 /* Preview Assets.xcassets in Resources */ = {isa = PBXBuildFile; fileRef = AF8C2E202492A16B00C5D261 /* Preview Assets.xcassets */; };
		AF8C2E242492A16B00C5D261 /* LaunchScreen.storyboard in Resources */ = {isa = PBXBuildFile; fileRef = AF8C2E222492A16B00C5D261 /* LaunchScreen.storyboard */; };
/* End PBXBuildFile section */

/* Begin PBXFileReference section */
		AF48976A2492A4BC006A2CAD /* MemoryGame.swift */ = {isa = PBXFileReference; lastKnownFileType = sourcecode.swift; path = MemoryGame.swift; sourceTree = "<group>"; };
		AF48976C2492A55B006A2CAD /* EmojiMemoryGame.swift */ = {isa = PBXFileReference; lastKnownFileType = sourcecode.swift; path = EmojiMemoryGame.swift; sourceTree = "<group>"; };
		AF48976E2492AF23006A2CAD /* Grid.swift */ = {isa = PBXFileReference; lastKnownFileType = sourcecode.swift; path = Grid.swift; sourceTree = "<group>"; };
		AF4897702492B13E006A2CAD /* GridLayout.swift */ = {isa = PBXFileReference; fileEncoding = 4; lastKnownFileType = sourcecode.swift; path = GridLayout.swift; sourceTree = "<group>"; };
		AF4897722492B31A006A2CAD /* Array+Identifable.swift */ = {isa = PBXFileReference; lastKnownFileType = sourcecode.swift; path = "Array+Identifable.swift"; sourceTree = "<group>"; };
		AF4897742492B81B006A2CAD /* Array+Only.swift */ = {isa = PBXFileReference; lastKnownFileType = sourcecode.swift; path = "Array+Only.swift"; sourceTree = "<group>"; };
		AF4897762492E282006A2CAD /* Pie.swift */ = {isa = PBXFileReference; lastKnownFileType = sourcecode.swift; path = Pie.swift; sourceTree = "<group>"; };
		AF4897782492E82C006A2CAD /* Cardify.swift */ = {isa = PBXFileReference; lastKnownFileType = sourcecode.swift; path = Cardify.swift; sourceTree = "<group>"; };
		AF8C2E142492A16600C5D261 /* memory-game.app */ = {isa = PBXFileReference; explicitFileType = wrapper.application; includeInIndex = 0; path = "memory-game.app"; sourceTree = BUILT_PRODUCTS_DIR; };
		AF8C2E172492A16600C5D261 /* AppDelegate.swift */ = {isa = PBXFileReference; lastKnownFileType = sourcecode.swift; path = AppDelegate.swift; sourceTree = "<group>"; };
		AF8C2E192492A16600C5D261 /* SceneDelegate.swift */ = {isa = PBXFileReference; lastKnownFileType = sourcecode.swift; path = SceneDelegate.swift; sourceTree = "<group>"; };
		AF8C2E1B2492A16600C5D261 /* EmojiMemoryGameView.swift */ = {isa = PBXFileReference; lastKnownFileType = sourcecode.swift; path = EmojiMemoryGameView.swift; sourceTree = "<group>"; };
		AF8C2E1D2492A16B00C5D261 /* Assets.xcassets */ = {isa = PBXFileReference; lastKnownFileType = folder.assetcatalog; path = Assets.xcassets; sourceTree = "<group>"; };
		AF8C2E202492A16B00C5D261 /* Preview Assets.xcassets */ = {isa = PBXFileReference; lastKnownFileType = folder.assetcatalog; path = "Preview Assets.xcassets"; sourceTree = "<group>"; };
		AF8C2E232492A16B00C5D261 /* Base */ = {isa = PBXFileReference; lastKnownFileType = file.storyboard; name = Base; path = Base.lproj/LaunchScreen.storyboard; sourceTree = "<group>"; };
		AF8C2E252492A16B00C5D261 /* Info.plist */ = {isa = PBXFileReference; lastKnownFileType = text.plist.xml; path = Info.plist; sourceTree = "<group>"; };
/* End PBXFileReference section */

/* Begin PBXFrameworksBuildPhase section */
		AF8C2E112492A16600C5D261 /* Frameworks */ = {
			isa = PBXFrameworksBuildPhase;
			buildActionMask = 2147483647;
			files = (
			);
			runOnlyForDeploymentPostprocessing = 0;
		};
/* End PBXFrameworksBuildPhase section */

/* Begin PBXGroup section */
		AF8C2E0B2492A16600C5D261 = {
			isa = PBXGroup;
			children = (
				AF8C2E162492A16600C5D261 /* memory-game */,
				AF8C2E152492A16600C5D261 /* Products */,
			);
			sourceTree = "<group>";
		};
		AF8C2E152492A16600C5D261 /* Products */ = {
			isa = PBXGroup;
			children = (
				AF8C2E142492A16600C5D261 /* memory-game.app */,
			);
			name = Products;
			sourceTree = "<group>";
		};
		AF8C2E162492A16600C5D261 /* memory-game */ = {
			isa = PBXGroup;
			children = (
				AF8C2E172492A16600C5D261 /* AppDelegate.swift */,
				AF8C2E192492A16600C5D261 /* SceneDelegate.swift */,
				AF8C2E1B2492A16600C5D261 /* EmojiMemoryGameView.swift */,
				AF48976C2492A55B006A2CAD /* EmojiMemoryGame.swift */,
				AF48976A2492A4BC006A2CAD /* MemoryGame.swift */,
				AF48976E2492AF23006A2CAD /* Grid.swift */,
				AF4897702492B13E006A2CAD /* GridLayout.swift */,
				AF4897762492E282006A2CAD /* Pie.swift */,
				AF4897722492B31A006A2CAD /* Array+Identifable.swift */,
				AF4897742492B81B006A2CAD /* Array+Only.swift */,
				AF4897782492E82C006A2CAD /* Cardify.swift */,
				AF8C2E1D2492A16B00C5D261 /* Assets.xcassets */,
				AF8C2E222492A16B00C5D261 /* LaunchScreen.storyboard */,
				AF8C2E252492A16B00C5D261 /* Info.plist */,
				AF8C2E1F2492A16B00C5D261 /* Preview Content */,
			);
			path = "memory-game";
			sourceTree = "<group>";
		};
		AF8C2E1F2492A16B00C5D261 /* Preview Content */ = {
			isa = PBXGroup;
			children = (
				AF8C2E202492A16B00C5D261 /* Preview Assets.xcassets */,
			);
			path = "Preview Content";
			sourceTree = "<group>";
		};
/* End PBXGroup section */

/* Begin PBXNativeTarget section */
		AF8C2E132492A16600C5D261 /* memory-game */ = {
			isa = PBXNativeTarget;
			buildConfigurationList = AF8C2E282492A16B00C5D261 /* Build configuration list for PBXNativeTarget "memory-game" */;
			buildPhases = (
				AF8C2E102492A16600C5D261 /* Sources */,
				AF8C2E112492A16600C5D261 /* Frameworks */,
				AF8C2E122492A16600C5D261 /* Resources */,
			);
			buildRules = (
			);
			dependencies = (
			);
			name = "memory-game";
			productName = "memory-game";
			productReference = AF8C2E142492A16600C5D261 /* memory-game.app */;
			productType = "com.apple.product-type.application";
		};
/* End PBXNativeTarget section */

/* Begin PBXProject section */
		AF8C2E0C2492A16600C5D261 /* Project object */ = {
			isa = PBXProject;
			attributes = {
				LastSwiftUpdateCheck = 1150;
				LastUpgradeCheck = 1150;
				ORGANIZATIONNAME = "Ben Zobrist";
				TargetAttributes = {
					AF8C2E132492A16600C5D261 = {
						CreatedOnToolsVersion = 11.5;
					};
				};
			};
			buildConfigurationList = AF8C2E0F2492A16600C5D261 /* Build configuration list for PBXProject "memory-game" */;
			compatibilityVersion = "Xcode 9.3";
			developmentRegion = en;
			hasScannedForEncodings = 0;
			knownRegions = (
				en,
				Base,
			);
			mainGroup = AF8C2E0B2492A16600C5D261;
			productRefGroup = AF8C2E152492A16600C5D261 /* Products */;
			projectDirPath = "";
			projectRoot = "";
			targets = (
				AF8C2E132492A16600C5D261 /* memory-game */,
			);
		};
/* End PBXProject section */

/* Begin PBXResourcesBuildPhase section */
		AF8C2E122492A16600C5D261 /* Resources */ = {
			isa = PBXResourcesBuildPhase;
			buildActionMask = 2147483647;
			files = (
				AF8C2E242492A16B00C5D261 /* LaunchScreen.storyboard in Resources */,
				AF8C2E212492A16B00C5D261 /* Preview Assets.xcassets in Resources */,
				AF8C2E1E2492A16B00C5D261 /* Assets.xcassets in Resources */,
			);
			runOnlyForDeploymentPostprocessing = 0;
		};
/* End PBXResourcesBuildPhase section */

/* Begin PBXSourcesBuildPhase section */
		AF8C2E102492A16600C5D261 /* Sources */ = {
			isa = PBXSourcesBuildPhase;
			buildActionMask = 2147483647;
			files = (
				AF4897792492E82C006A2CAD /* Cardify.swift in Sources */,
				AF4897772492E282006A2CAD /* Pie.swift in Sources */,
				AF8C2E182492A16600C5D261 /* AppDelegate.swift in Sources */,
				AF8C2E1A2492A16600C5D261 /* SceneDelegate.swift in Sources */,
				AF48976B2492A4BC006A2CAD /* MemoryGame.swift in Sources */,
				AF4897752492B81B006A2CAD /* Array+Only.swift in Sources */,
				AF4897732492B31A006A2CAD /* Array+Identifable.swift in Sources */,
				AF8C2E1C2492A16600C5D261 /* EmojiMemoryGameView.swift in Sources */,
				AF48976D2492A55B006A2CAD /* EmojiMemoryGame.swift in Sources */,
				AF4897712492B13E006A2CAD /* GridLayout.swift in Sources */,
				AF48976F2492AF23006A2CAD /* Grid.swift in Sources */,
			);
			runOnlyForDeploymentPostprocessing = 0;
		};
/* End PBXSourcesBuildPhase section */

/* Begin PBXVariantGroup section */
		AF8C2E222492A16B00C5D261 /* LaunchScreen.storyboard */ = {
			isa = PBXVariantGroup;
			children = (
				AF8C2E232492A16B00C5D261 /* Base */,
			);
			name = LaunchScreen.storyboard;
			sourceTree = "<group>";
		};
/* End PBXVariantGroup section */

/* Begin XCBuildConfiguration section */
		AF8C2E262492A16B00C5D261 /* Debug */ = {
			isa = XCBuildConfiguration;
			buildSettings = {
				ALWAYS_SEARCH_USER_PATHS = NO;
				CLANG_ANALYZER_NONNULL = YES;
				CLANG_ANALYZER_NUMBER_OBJECT_CONVERSION = YES_AGGRESSIVE;
				CLANG_CXX_LANGUAGE_STANDARD = "gnu++14";
				CLANG_CXX_LIBRARY = "libc++";
				CLANG_ENABLE_MODULES = YES;
				CLANG_ENABLE_OBJC_ARC = YES;
				CLANG_ENABLE_OBJC_WEAK = YES;
				CLANG_WARN_BLOCK_CAPTURE_AUTORELEASING = YES;
				CLANG_WARN_BOOL_CONVERSION = YES;
				CLANG_WARN_COMMA = YES;
				CLANG_WARN_CONSTANT_CONVERSION = YES;
				CLANG_WARN_DEPRECATED_OBJC_IMPLEMENTATIONS = YES;
				CLANG_WARN_DIRECT_OBJC_ISA_USAGE = YES_ERROR;
				CLANG_WARN_DOCUMENTATION_COMMENTS = YES;
				CLANG_WARN_EMPTY_BODY = YES;
				CLANG_WARN_ENUM_CONVERSION = YES;
				CLANG_WARN_INFINITE_RECURSION = YES;
				CLANG_WARN_INT_CONVERSION = YES;
				CLANG_WARN_NON_LITERAL_NULL_CONVERSION = YES;
				CLANG_WARN_OBJC_IMPLICIT_RETAIN_SELF = YES;
				CLANG_WARN_OBJC_LITERAL_CONVERSION = YES;
				CLANG_WARN_OBJC_ROOT_CLASS = YES_ERROR;
				CLANG_WARN_RANGE_LOOP_ANALYSIS = YES;
				CLANG_WARN_STRICT_PROTOTYPES = YES;
				CLANG_WARN_SUSPICIOUS_MOVE = YES;
				CLANG_WARN_UNGUARDED_AVAILABILITY = YES_AGGRESSIVE;
				CLANG_WARN_UNREACHABLE_CODE = YES;
				CLANG_WARN__DUPLICATE_METHOD_MATCH = YES;
				COPY_PHASE_STRIP = NO;
				DEBUG_INFORMATION_FORMAT = dwarf;
				ENABLE_STRICT_OBJC_MSGSEND = YES;
				ENABLE_TESTABILITY = YES;
				GCC_C_LANGUAGE_STANDARD = gnu11;
				GCC_DYNAMIC_NO_PIC = NO;
				GCC_NO_COMMON_BLOCKS = YES;
				GCC_OPTIMIZATION_LEVEL = 0;
				GCC_PREPROCESSOR_DEFINITIONS = (
					"DEBUG=1",
					"$(inherited)",
				);
				GCC_WARN_64_TO_32_BIT_CONVERSION = YES;
				GCC_WARN_ABOUT_RETURN_TYPE = YES_ERROR;
				GCC_WARN_UNDECLARED_SELECTOR = YES;
				GCC_WARN_UNINITIALIZED_AUTOS = YES_AGGRESSIVE;
				GCC_WARN_UNUSED_FUNCTION = YES;
				GCC_WARN_UNUSED_VARIABLE = YES;
				IPHONEOS_DEPLOYMENT_TARGET = 13.5;
				MTL_ENABLE_DEBUG_INFO = INCLUDE_SOURCE;
				MTL_FAST_MATH = YES;
				ONLY_ACTIVE_ARCH = YES;
				SDKROOT = iphoneos;
				SWIFT_ACTIVE_COMPILATION_CONDITIONS = DEBUG;
				SWIFT_OPTIMIZATION_LEVEL = "-Onone";
			};
			name = Debug;
		};
		AF8C2E272492A16B00C5D261 /* Release */ = {
			isa = XCBuildConfiguration;
			buildSettings = {
				ALWAYS_SEARCH_USER_PATHS = NO;
				CLANG_ANALYZER_NONNULL = YES;
				CLANG_ANALYZER_NUMBER_OBJECT_CONVERSION = YES_AGGRESSIVE;
				CLANG_CXX_LANGUAGE_STANDARD = "gnu++14";
				CLANG_CXX_LIBRARY = "libc++";
				CLANG_ENABLE_MODULES = YES;
				CLANG_ENABLE_OBJC_ARC = YES;
				CLANG_ENABLE_OBJC_WEAK = YES;
				CLANG_WARN_BLOCK_CAPTURE_AUTORELEASING = YES;
				CLANG_WARN_BOOL_CONVERSION = YES;
				CLANG_WARN_COMMA = YES;
				CLANG_WARN_CONSTANT_CONVERSION = YES;
				CLANG_WARN_DEPRECATED_OBJC_IMPLEMENTATIONS = YES;
				CLANG_WARN_DIRECT_OBJC_ISA_USAGE = YES_ERROR;
				CLANG_WARN_DOCUMENTATION_COMMENTS = YES;
				CLANG_WARN_EMPTY_BODY = YES;
				CLANG_WARN_ENUM_CONVERSION = YES;
				CLANG_WARN_INFINITE_RECURSION = YES;
				CLANG_WARN_INT_CONVERSION = YES;
				CLANG_WARN_NON_LITERAL_NULL_CONVERSION = YES;
				CLANG_WARN_OBJC_IMPLICIT_RETAIN_SELF = YES;
				CLANG_WARN_OBJC_LITERAL_CONVERSION = YES;
				CLANG_WARN_OBJC_ROOT_CLASS = YES_ERROR;
				CLANG_WARN_RANGE_LOOP_ANALYSIS = YES;
				CLANG_WARN_STRICT_PROTOTYPES = YES;
				CLANG_WARN_SUSPICIOUS_MOVE = YES;
				CLANG_WARN_UNGUARDED_AVAILABILITY = YES_AGGRESSIVE;
				CLANG_WARN_UNREACHABLE_CODE = YES;
				CLANG_WARN__DUPLICATE_METHOD_MATCH = YES;
				COPY_PHASE_STRIP = NO;
				DEBUG_INFORMATION_FORMAT = "dwarf-with-dsym";
				ENABLE_NS_ASSERTIONS = NO;
				ENABLE_STRICT_OBJC_MSGSEND = YES;
				GCC_C_LANGUAGE_STANDARD = gnu11;
				GCC_NO_COMMON_BLOCKS = YES;
				GCC_WARN_64_TO_32_BIT_CONVERSION = YES;
				GCC_WARN_ABOUT_RETURN_TYPE = YES_ERROR;
				GCC_WARN_UNDECLARED_SELECTOR = YES;
				GCC_WARN_UNINITIALIZED_AUTOS = YES_AGGRESSIVE;
				GCC_WARN_UNUSED_FUNCTION = YES;
				GCC_WARN_UNUSED_VARIABLE = YES;
				IPHONEOS_DEPLOYMENT_TARGET = 13.5;
				MTL_ENABLE_DEBUG_INFO = NO;
				MTL_FAST_MATH = YES;
				SDKROOT = iphoneos;
				SWIFT_COMPILATION_MODE = wholemodule;
				SWIFT_OPTIMIZATION_LEVEL = "-O";
				VALIDATE_PRODUCT = YES;
			};
			name = Release;
		};
		AF8C2E292492A16B00C5D261 /* Debug */ = {
			isa = XCBuildConfiguration;
			buildSettings = {
				ASSETCATALOG_COMPILER_APPICON_NAME = AppIcon;
				CODE_SIGN_STYLE = Automatic;
				DEVELOPMENT_ASSET_PATHS = "\"memory-game/Preview Content\"";
				DEVELOPMENT_TEAM = 58X7XVG57X;
				ENABLE_PREVIEWS = YES;
				INFOPLIST_FILE = "memory-game/Info.plist";
				LD_RUNPATH_SEARCH_PATHS = (
					"$(inherited)",
					"@executable_path/Frameworks",
				);
				PRODUCT_BUNDLE_IDENTIFIER = "com.benzobrist.memory-game";
				PRODUCT_NAME = "$(TARGET_NAME)";
				SWIFT_VERSION = 5.0;
				TARGETED_DEVICE_FAMILY = "1,2";
			};
			name = Debug;
		};
		AF8C2E2A2492A16B00C5D261 /* Release */ = {
			isa = XCBuildConfiguration;
			buildSettings = {
				ASSETCATALOG_COMPILER_APPICON_NAME = AppIcon;
				CODE_SIGN_STYLE = Automatic;
				DEVELOPMENT_ASSET_PATHS = "\"memory-game/Preview Content\"";
				DEVELOPMENT_TEAM = 58X7XVG57X;
				ENABLE_PREVIEWS = YES;
				INFOPLIST_FILE = "memory-game/Info.plist";
				LD_RUNPATH_SEARCH_PATHS = (
					"$(inherited)",
					"@executable_path/Frameworks",
				);
				PRODUCT_BUNDLE_IDENTIFIER = "com.benzobrist.memory-game";
				PRODUCT_NAME = "$(TARGET_NAME)";
				SWIFT_VERSION = 5.0;
				TARGETED_DEVICE_FAMILY = "1,2";
			};
			name = Release;
		};
/* End XCBuildConfiguration section */

/* Begin XCConfigurationList section */
		AF8C2E0F2492A16600C5D261 /* Build configuration list for PBXProject "memory-game" */ = {
			isa = XCConfigurationList;
			buildConfigurations = (
				AF8C2E262492A16B00C5D261 /* Debug */,
				AF8C2E272492A16B00C5D261 /* Release */,
			);
			defaultConfigurationIsVisible = 0;
			defaultConfigurationName = Release;
		};
		AF8C2E282492A16B00C5D261 /* Build configuration list for PBXNativeTarget "memory-game" */ = {
			isa = XCConfigurationList;
			buildConfigurations = (
				AF8C2E292492A16B00C5D261 /* Debug */,
				AF8C2E2A2492A16B00C5D261 /* Release */,
			);
			defaultConfigurationIsVisible = 0;
			defaultConfigurationName = Release;
		};
/* End XCConfigurationList section */
	};
	rootObject = AF8C2E0C2492A16600C5D261 /* Project object */;
}
